// !$*UTF8*$!
{
	archiveVersion = 1;
	classes = {
	};
	objectVersion = 56;
	objects = {

/* Begin PBXBuildFile section */
		7201445129DB21F900782FDB /* BullseyeApp.swift in Sources */ = {isa = PBXBuildFile; fileRef = 7201445029DB21F900782FDB /* BullseyeApp.swift */; };
		7201445329DB21F900782FDB /* ContentView.swift in Sources */ = {isa = PBXBuildFile; fileRef = 7201445229DB21F900782FDB /* ContentView.swift */; };
		7201445529DB21FC00782FDB /* Assets.xcassets in Resources */ = {isa = PBXBuildFile; fileRef = 7201445429DB21FC00782FDB /* Assets.xcassets */; };
		7201445829DB21FC00782FDB /* Preview Assets.xcassets in Resources */ = {isa = PBXBuildFile; fileRef = 7201445729DB21FC00782FDB /* Preview Assets.xcassets */; };
		7201446329DB4B0100782FDB /* Game.swift in Sources */ = {isa = PBXBuildFile; fileRef = 7201446229DB4B0100782FDB /* Game.swift */; };
		7201446B29DB533200782FDB /* BullseyeTests.swift in Sources */ = {isa = PBXBuildFile; fileRef = 7201446A29DB533200782FDB /* BullseyeTests.swift */; };
		72581EDF29DBD0E800CCDC62 /* TextViews.swift in Sources */ = {isa = PBXBuildFile; fileRef = 72581EDE29DBD0E800CCDC62 /* TextViews.swift */; };
		72581EE129DBD79E00CCDC62 /* Shapes.swift in Sources */ = {isa = PBXBuildFile; fileRef = 72581EE029DBD79E00CCDC62 /* Shapes.swift */; };
		72581EE329DC000300CCDC62 /* RoundedView.swift in Sources */ = {isa = PBXBuildFile; fileRef = 72581EE229DC000300CCDC62 /* RoundedView.swift */; };
		72581EE529DC0C5A00CCDC62 /* BackgroundView.swift in Sources */ = {isa = PBXBuildFile; fileRef = 72581EE429DC0C5A00CCDC62 /* BackgroundView.swift */; };
		72581EE729DC65B400CCDC62 /* PointsView.swift in Sources */ = {isa = PBXBuildFile; fileRef = 72581EE629DC65B400CCDC62 /* PointsView.swift */; };
		72581EE929DC7C9000CCDC62 /* Constants.swift in Sources */ = {isa = PBXBuildFile; fileRef = 72581EE829DC7C8F00CCDC62 /* Constants.swift */; };
		72581EEB29DC86D300CCDC62 /* LeaderboardView.swift in Sources */ = {isa = PBXBuildFile; fileRef = 72581EEA29DC86D300CCDC62 /* LeaderboardView.swift */; };
/* End PBXBuildFile section */

/* Begin PBXContainerItemProxy section */
		7201446C29DB533200782FDB /* PBXContainerItemProxy */ = {
			isa = PBXContainerItemProxy;
			containerPortal = 7201444529DB21F900782FDB /* Project object */;
			proxyType = 1;
			remoteGlobalIDString = 7201444C29DB21F900782FDB;
			remoteInfo = Bullseye;
		};
/* End PBXContainerItemProxy section */

/* Begin PBXFileReference section */
		7201444D29DB21F900782FDB /* Bullseye.app */ = {isa = PBXFileReference; explicitFileType = wrapper.application; includeInIndex = 0; path = Bullseye.app; sourceTree = BUILT_PRODUCTS_DIR; };
		7201445029DB21F900782FDB /* BullseyeApp.swift */ = {isa = PBXFileReference; lastKnownFileType = sourcecode.swift; path = BullseyeApp.swift; sourceTree = "<group>"; };
		7201445229DB21F900782FDB /* ContentView.swift */ = {isa = PBXFileReference; lastKnownFileType = sourcecode.swift; path = ContentView.swift; sourceTree = "<group>"; };
		7201445429DB21FC00782FDB /* Assets.xcassets */ = {isa = PBXFileReference; lastKnownFileType = folder.assetcatalog; path = Assets.xcassets; sourceTree = "<group>"; };
		7201445729DB21FC00782FDB /* Preview Assets.xcassets */ = {isa = PBXFileReference; lastKnownFileType = folder.assetcatalog; path = "Preview Assets.xcassets"; sourceTree = "<group>"; };
		7201446229DB4B0100782FDB /* Game.swift */ = {isa = PBXFileReference; lastKnownFileType = sourcecode.swift; path = Game.swift; sourceTree = "<group>"; };
		7201446829DB533200782FDB /* BullseyeTests.xctest */ = {isa = PBXFileReference; explicitFileType = wrapper.cfbundle; includeInIndex = 0; path = BullseyeTests.xctest; sourceTree = BUILT_PRODUCTS_DIR; };
		7201446A29DB533200782FDB /* BullseyeTests.swift */ = {isa = PBXFileReference; lastKnownFileType = sourcecode.swift; path = BullseyeTests.swift; sourceTree = "<group>"; };
		72581EDE29DBD0E800CCDC62 /* TextViews.swift */ = {isa = PBXFileReference; lastKnownFileType = sourcecode.swift; path = TextViews.swift; sourceTree = "<group>"; };
		72581EE029DBD79E00CCDC62 /* Shapes.swift */ = {isa = PBXFileReference; lastKnownFileType = sourcecode.swift; path = Shapes.swift; sourceTree = "<group>"; };
		72581EE229DC000300CCDC62 /* RoundedView.swift */ = {isa = PBXFileReference; lastKnownFileType = sourcecode.swift; path = RoundedView.swift; sourceTree = "<group>"; };
		72581EE429DC0C5A00CCDC62 /* BackgroundView.swift */ = {isa = PBXFileReference; lastKnownFileType = sourcecode.swift; path = BackgroundView.swift; sourceTree = "<group>"; };
		72581EE629DC65B400CCDC62 /* PointsView.swift */ = {isa = PBXFileReference; lastKnownFileType = sourcecode.swift; path = PointsView.swift; sourceTree = "<group>"; };
		72581EE829DC7C8F00CCDC62 /* Constants.swift */ = {isa = PBXFileReference; lastKnownFileType = sourcecode.swift; path = Constants.swift; sourceTree = "<group>"; };
		72581EEA29DC86D300CCDC62 /* LeaderboardView.swift */ = {isa = PBXFileReference; lastKnownFileType = sourcecode.swift; path = LeaderboardView.swift; sourceTree = "<group>"; };
/* End PBXFileReference section */

/* Begin PBXFrameworksBuildPhase section */
		7201444A29DB21F900782FDB /* Frameworks */ = {
			isa = PBXFrameworksBuildPhase;
			buildActionMask = 2147483647;
			files = (
			);
			runOnlyForDeploymentPostprocessing = 0;
		};
		7201446529DB533200782FDB /* Frameworks */ = {
			isa = PBXFrameworksBuildPhase;
			buildActionMask = 2147483647;
			files = (
			);
			runOnlyForDeploymentPostprocessing = 0;
		};
/* End PBXFrameworksBuildPhase section */

/* Begin PBXGroup section */
		7201444429DB21F900782FDB = {
			isa = PBXGroup;
			children = (
				7201444F29DB21F900782FDB /* Bullseye */,
				7201446929DB533200782FDB /* BullseyeTests */,
				7201444E29DB21F900782FDB /* Products */,
			);
			sourceTree = "<group>";
		};
		7201444E29DB21F900782FDB /* Products */ = {
			isa = PBXGroup;
			children = (
				7201444D29DB21F900782FDB /* Bullseye.app */,
				7201446829DB533200782FDB /* BullseyeTests.xctest */,
			);
			name = Products;
			sourceTree = "<group>";
		};
		7201444F29DB21F900782FDB /* Bullseye */ = {
			isa = PBXGroup;
			children = (
				7201446129DB4ACA00782FDB /* App */,
				7201446029DB4AB300782FDB /* Views */,
				7201445E29DB4A9D00782FDB /* Model */,
				7201445629DB21FC00782FDB /* Preview Content */,
			);
			path = Bullseye;
			sourceTree = "<group>";
		};
		7201445629DB21FC00782FDB /* Preview Content */ = {
			isa = PBXGroup;
			children = (
				7201445729DB21FC00782FDB /* Preview Assets.xcassets */,
			);
			path = "Preview Content";
			sourceTree = "<group>";
		};
		7201445E29DB4A9D00782FDB /* Model */ = {
			isa = PBXGroup;
			children = (
				7201446229DB4B0100782FDB /* Game.swift */,
				72581EE829DC7C8F00CCDC62 /* Constants.swift */,
			);
			path = Model;
			sourceTree = "<group>";
		};
		7201446029DB4AB300782FDB /* Views */ = {
			isa = PBXGroup;
			children = (
				7201445229DB21F900782FDB /* ContentView.swift */,
				72581EDE29DBD0E800CCDC62 /* TextViews.swift */,
				72581EE629DC65B400CCDC62 /* PointsView.swift */,
				72581EE029DBD79E00CCDC62 /* Shapes.swift */,
				72581EE229DC000300CCDC62 /* RoundedView.swift */,
				72581EE429DC0C5A00CCDC62 /* BackgroundView.swift */,
				72581EEA29DC86D300CCDC62 /* LeaderboardView.swift */,
			);
			path = Views;
			sourceTree = "<group>";
		};
		7201446129DB4ACA00782FDB /* App */ = {
			isa = PBXGroup;
			children = (
				7201445029DB21F900782FDB /* BullseyeApp.swift */,
				7201445429DB21FC00782FDB /* Assets.xcassets */,
			);
			path = App;
			sourceTree = "<group>";
		};
		7201446929DB533200782FDB /* BullseyeTests */ = {
			isa = PBXGroup;
			children = (
				7201446A29DB533200782FDB /* BullseyeTests.swift */,
			);
			path = BullseyeTests;
			sourceTree = "<group>";
		};
/* End PBXGroup section */

/* Begin PBXNativeTarget section */
		7201444C29DB21F900782FDB /* Bullseye */ = {
			isa = PBXNativeTarget;
			buildConfigurationList = 7201445B29DB21FC00782FDB /* Build configuration list for PBXNativeTarget "Bullseye" */;
			buildPhases = (
				7201444929DB21F900782FDB /* Sources */,
				7201444A29DB21F900782FDB /* Frameworks */,
				7201444B29DB21F900782FDB /* Resources */,
			);
			buildRules = (
			);
			dependencies = (
			);
			name = Bullseye;
			productName = Bullseye;
			productReference = 7201444D29DB21F900782FDB /* Bullseye.app */;
			productType = "com.apple.product-type.application";
		};
		7201446729DB533200782FDB /* BullseyeTests */ = {
			isa = PBXNativeTarget;
			buildConfigurationList = 7201446E29DB533200782FDB /* Build configuration list for PBXNativeTarget "BullseyeTests" */;
			buildPhases = (
				7201446429DB533200782FDB /* Sources */,
				7201446529DB533200782FDB /* Frameworks */,
				7201446629DB533200782FDB /* Resources */,
			);
			buildRules = (
			);
			dependencies = (
				7201446D29DB533200782FDB /* PBXTargetDependency */,
			);
			name = BullseyeTests;
			productName = BullseyeTests;
			productReference = 7201446829DB533200782FDB /* BullseyeTests.xctest */;
			productType = "com.apple.product-type.bundle.unit-test";
		};
/* End PBXNativeTarget section */

/* Begin PBXProject section */
		7201444529DB21F900782FDB /* Project object */ = {
			isa = PBXProject;
			attributes = {
				BuildIndependentTargetsInParallel = 1;
				LastSwiftUpdateCheck = 1420;
				LastUpgradeCheck = 1420;
				TargetAttributes = {
					7201444C29DB21F900782FDB = {
						CreatedOnToolsVersion = 14.2;
					};
					7201446729DB533200782FDB = {
						CreatedOnToolsVersion = 14.2;
						TestTargetID = 7201444C29DB21F900782FDB;
					};
				};
			};
			buildConfigurationList = 7201444829DB21F900782FDB /* Build configuration list for PBXProject "Bullseye" */;
			compatibilityVersion = "Xcode 14.0";
			developmentRegion = en;
			hasScannedForEncodings = 0;
			knownRegions = (
				en,
				Base,
			);
			mainGroup = 7201444429DB21F900782FDB;
			productRefGroup = 7201444E29DB21F900782FDB /* Products */;
			projectDirPath = "";
			projectRoot = "";
			targets = (
				7201444C29DB21F900782FDB /* Bullseye */,
				7201446729DB533200782FDB /* BullseyeTests */,
			);
		};
/* End PBXProject section */

/* Begin PBXResourcesBuildPhase section */
		7201444B29DB21F900782FDB /* Resources */ = {
			isa = PBXResourcesBuildPhase;
			buildActionMask = 2147483647;
			files = (
				7201445829DB21FC00782FDB /* Preview Assets.xcassets in Resources */,
				7201445529DB21FC00782FDB /* Assets.xcassets in Resources */,
			);
			runOnlyForDeploymentPostprocessing = 0;
		};
		7201446629DB533200782FDB /* Resources */ = {
			isa = PBXResourcesBuildPhase;
			buildActionMask = 2147483647;
			files = (
			);
			runOnlyForDeploymentPostprocessing = 0;
		};
/* End PBXResourcesBuildPhase section */

/* Begin PBXSourcesBuildPhase section */
		7201444929DB21F900782FDB /* Sources */ = {
			isa = PBXSourcesBuildPhase;
			buildActionMask = 2147483647;
			files = (
				72581EEB29DC86D300CCDC62 /* LeaderboardView.swift in Sources */,
				7201445329DB21F900782FDB /* ContentView.swift in Sources */,
				72581EDF29DBD0E800CCDC62 /* TextViews.swift in Sources */,
				72581EE329DC000300CCDC62 /* RoundedView.swift in Sources */,
				72581EE729DC65B400CCDC62 /* PointsView.swift in Sources */,
				72581EE529DC0C5A00CCDC62 /* BackgroundView.swift in Sources */,
				72581EE129DBD79E00CCDC62 /* Shapes.swift in Sources */,
				7201446329DB4B0100782FDB /* Game.swift in Sources */,
				7201445129DB21F900782FDB /* BullseyeApp.swift in Sources */,
				72581EE929DC7C9000CCDC62 /* Constants.swift in Sources */,
			);
			runOnlyForDeploymentPostprocessing = 0;
		};
		7201446429DB533200782FDB /* Sources */ = {
			isa = PBXSourcesBuildPhase;
			buildActionMask = 2147483647;
			files = (
				7201446B29DB533200782FDB /* BullseyeTests.swift in Sources */,
			);
			runOnlyForDeploymentPostprocessing = 0;
		};
/* End PBXSourcesBuildPhase section */

/* Begin PBXTargetDependency section */
		7201446D29DB533200782FDB /* PBXTargetDependency */ = {
			isa = PBXTargetDependency;
			target = 7201444C29DB21F900782FDB /* Bullseye */;
			targetProxy = 7201446C29DB533200782FDB /* PBXContainerItemProxy */;
		};
/* End PBXTargetDependency section */

/* Begin XCBuildConfiguration section */
		7201445929DB21FC00782FDB /* Debug */ = {
			isa = XCBuildConfiguration;
			buildSettings = {
				ALWAYS_SEARCH_USER_PATHS = NO;
				CLANG_ANALYZER_NONNULL = YES;
				CLANG_ANALYZER_NUMBER_OBJECT_CONVERSION = YES_AGGRESSIVE;
				CLANG_CXX_LANGUAGE_STANDARD = "gnu++20";
				CLANG_ENABLE_MODULES = YES;
				CLANG_ENABLE_OBJC_ARC = YES;
				CLANG_ENABLE_OBJC_WEAK = YES;
				CLANG_WARN_BLOCK_CAPTURE_AUTORELEASING = YES;
				CLANG_WARN_BOOL_CONVERSION = YES;
				CLANG_WARN_COMMA = YES;
				CLANG_WARN_CONSTANT_CONVERSION = YES;
				CLANG_WARN_DEPRECATED_OBJC_IMPLEMENTATIONS = YES;
				CLANG_WARN_DIRECT_OBJC_ISA_USAGE = YES_ERROR;
				CLANG_WARN_DOCUMENTATION_COMMENTS = YES;
				CLANG_WARN_EMPTY_BODY = YES;
				CLANG_WARN_ENUM_CONVERSION = YES;
				CLANG_WARN_INFINITE_RECURSION = YES;
				CLANG_WARN_INT_CONVERSION = YES;
				CLANG_WARN_NON_LITERAL_NULL_CONVERSION = YES;
				CLANG_WARN_OBJC_IMPLICIT_RETAIN_SELF = YES;
				CLANG_WARN_OBJC_LITERAL_CONVERSION = YES;
				CLANG_WARN_OBJC_ROOT_CLASS = YES_ERROR;
				CLANG_WARN_QUOTED_INCLUDE_IN_FRAMEWORK_HEADER = YES;
				CLANG_WARN_RANGE_LOOP_ANALYSIS = YES;
				CLANG_WARN_STRICT_PROTOTYPES = YES;
				CLANG_WARN_SUSPICIOUS_MOVE = YES;
				CLANG_WARN_UNGUARDED_AVAILABILITY = YES_AGGRESSIVE;
				CLANG_WARN_UNREACHABLE_CODE = YES;
				CLANG_WARN__DUPLICATE_METHOD_MATCH = YES;
				COPY_PHASE_STRIP = NO;
				DEBUG_INFORMATION_FORMAT = dwarf;
				ENABLE_STRICT_OBJC_MSGSEND = YES;
				ENABLE_TESTABILITY = YES;
				GCC_C_LANGUAGE_STANDARD = gnu11;
				GCC_DYNAMIC_NO_PIC = NO;
				GCC_NO_COMMON_BLOCKS = YES;
				GCC_OPTIMIZATION_LEVEL = 0;
				GCC_PREPROCESSOR_DEFINITIONS = (
					"DEBUG=1",
					"$(inherited)",
				);
				GCC_WARN_64_TO_32_BIT_CONVERSION = YES;
				GCC_WARN_ABOUT_RETURN_TYPE = YES_ERROR;
				GCC_WARN_UNDECLARED_SELECTOR = YES;
				GCC_WARN_UNINITIALIZED_AUTOS = YES_AGGRESSIVE;
				GCC_WARN_UNUSED_FUNCTION = YES;
				GCC_WARN_UNUSED_VARIABLE = YES;
				IPHONEOS_DEPLOYMENT_TARGET = 16.2;
				MTL_ENABLE_DEBUG_INFO = INCLUDE_SOURCE;
				MTL_FAST_MATH = YES;
				ONLY_ACTIVE_ARCH = YES;
				SDKROOT = iphoneos;
				SWIFT_ACTIVE_COMPILATION_CONDITIONS = DEBUG;
				SWIFT_OPTIMIZATION_LEVEL = "-Onone";
			};
			name = Debug;
		};
		7201445A29DB21FC00782FDB /* Release */ = {
			isa = XCBuildConfiguration;
			buildSettings = {
				ALWAYS_SEARCH_USER_PATHS = NO;
				CLANG_ANALYZER_NONNULL = YES;
				CLANG_ANALYZER_NUMBER_OBJECT_CONVERSION = YES_AGGRESSIVE;
				CLANG_CXX_LANGUAGE_STANDARD = "gnu++20";
				CLANG_ENABLE_MODULES = YES;
				CLANG_ENABLE_OBJC_ARC = YES;
				CLANG_ENABLE_OBJC_WEAK = YES;
				CLANG_WARN_BLOCK_CAPTURE_AUTORELEASING = YES;
				CLANG_WARN_BOOL_CONVERSION = YES;
				CLANG_WARN_COMMA = YES;
				CLANG_WARN_CONSTANT_CONVERSION = YES;
				CLANG_WARN_DEPRECATED_OBJC_IMPLEMENTATIONS = YES;
				CLANG_WARN_DIRECT_OBJC_ISA_USAGE = YES_ERROR;
				CLANG_WARN_DOCUMENTATION_COMMENTS = YES;
				CLANG_WARN_EMPTY_BODY = YES;
				CLANG_WARN_ENUM_CONVERSION = YES;
				CLANG_WARN_INFINITE_RECURSION = YES;
				CLANG_WARN_INT_CONVERSION = YES;
				CLANG_WARN_NON_LITERAL_NULL_CONVERSION = YES;
				CLANG_WARN_OBJC_IMPLICIT_RETAIN_SELF = YES;
				CLANG_WARN_OBJC_LITERAL_CONVERSION = YES;
				CLANG_WARN_OBJC_ROOT_CLASS = YES_ERROR;
				CLANG_WARN_QUOTED_INCLUDE_IN_FRAMEWORK_HEADER = YES;
				CLANG_WARN_RANGE_LOOP_ANALYSIS = YES;
				CLANG_WARN_STRICT_PROTOTYPES = YES;
				CLANG_WARN_SUSPICIOUS_MOVE = YES;
				CLANG_WARN_UNGUARDED_AVAILABILITY = YES_AGGRESSIVE;
				CLANG_WARN_UNREACHABLE_CODE = YES;
				CLANG_WARN__DUPLICATE_METHOD_MATCH = YES;
				COPY_PHASE_STRIP = NO;
				DEBUG_INFORMATION_FORMAT = "dwarf-with-dsym";
				ENABLE_NS_ASSERTIONS = NO;
				ENABLE_STRICT_OBJC_MSGSEND = YES;
				GCC_C_LANGUAGE_STANDARD = gnu11;
				GCC_NO_COMMON_BLOCKS = YES;
				GCC_WARN_64_TO_32_BIT_CONVERSION = YES;
				GCC_WARN_ABOUT_RETURN_TYPE = YES_ERROR;
				GCC_WARN_UNDECLARED_SELECTOR = YES;
				GCC_WARN_UNINITIALIZED_AUTOS = YES_AGGRESSIVE;
				GCC_WARN_UNUSED_FUNCTION = YES;
				GCC_WARN_UNUSED_VARIABLE = YES;
				IPHONEOS_DEPLOYMENT_TARGET = 16.2;
				MTL_ENABLE_DEBUG_INFO = NO;
				MTL_FAST_MATH = YES;
				SDKROOT = iphoneos;
				SWIFT_COMPILATION_MODE = wholemodule;
				SWIFT_OPTIMIZATION_LEVEL = "-O";
				VALIDATE_PRODUCT = YES;
			};
			name = Release;
		};
		7201445C29DB21FC00782FDB /* Debug */ = {
			isa = XCBuildConfiguration;
			buildSettings = {
				ASSETCATALOG_COMPILER_APPICON_NAME = AppIcon;
				ASSETCATALOG_COMPILER_GLOBAL_ACCENT_COLOR_NAME = AccentColor;
				CODE_SIGN_STYLE = Automatic;
				CURRENT_PROJECT_VERSION = 1;
				DEVELOPMENT_ASSET_PATHS = "\"Bullseye/Preview Content\"";
				DEVELOPMENT_TEAM = 678S53ST7A;
				ENABLE_PREVIEWS = YES;
				GENERATE_INFOPLIST_FILE = YES;
				INFOPLIST_KEY_CFBundleDisplayName = "Bull's Eyes 2";
				INFOPLIST_KEY_UIApplicationSceneManifest_Generation = YES;
				INFOPLIST_KEY_UIApplicationSupportsIndirectInputEvents = YES;
				INFOPLIST_KEY_UILaunchScreen_Generation = YES;
				INFOPLIST_KEY_UISupportedInterfaceOrientations_iPad = "UIInterfaceOrientationPortrait UIInterfaceOrientationPortraitUpsideDown UIInterfaceOrientationLandscapeLeft UIInterfaceOrientationLandscapeRight";
				INFOPLIST_KEY_UISupportedInterfaceOrientations_iPhone = "UIInterfaceOrientationPortrait UIInterfaceOrientationLandscapeLeft UIInterfaceOrientationLandscapeRight";
				IPHONEOS_DEPLOYMENT_TARGET = 16.4;
				LD_RUNPATH_SEARCH_PATHS = (
					"$(inherited)",
					"@executable_path/Frameworks",
				);
				MARKETING_VERSION = 1.0;
				PRODUCT_BUNDLE_IDENTIFIER = tranloi.Bullseye;
				PRODUCT_NAME = "$(TARGET_NAME)";
				SWIFT_EMIT_LOC_STRINGS = YES;
				SWIFT_VERSION = 5.0;
				TARGETED_DEVICE_FAMILY = "1,2";
			};
			name = Debug;
		};
		7201445D29DB21FC00782FDB /* Release */ = {
			isa = XCBuildConfiguration;
			buildSettings = {
				ASSETCATALOG_COMPILER_APPICON_NAME = AppIcon;
				ASSETCATALOG_COMPILER_GLOBAL_ACCENT_COLOR_NAME = AccentColor;
				CODE_SIGN_STYLE = Automatic;
				CURRENT_PROJECT_VERSION = 1;
				DEVELOPMENT_ASSET_PATHS = "\"Bullseye/Preview Content\"";
				DEVELOPMENT_TEAM = 678S53ST7A;
				ENABLE_PREVIEWS = YES;
				GENERATE_INFOPLIST_FILE = YES;
				INFOPLIST_KEY_CFBundleDisplayName = "Bull's Eyes 2";
				INFOPLIST_KEY_UIApplicationSceneManifest_Generation = YES;
				INFOPLIST_KEY_UIApplicationSupportsIndirectInputEvents = YES;
				INFOPLIST_KEY_UILaunchScreen_Generation = YES;
				INFOPLIST_KEY_UISupportedInterfaceOrientations_iPad = "UIInterfaceOrientationPortrait UIInterfaceOrientationPortraitUpsideDown UIInterfaceOrientationLandscapeLeft UIInterfaceOrientationLandscapeRight";
				INFOPLIST_KEY_UISupportedInterfaceOrientations_iPhone = "UIInterfaceOrientationPortrait UIInterfaceOrientationLandscapeLeft UIInterfaceOrientationLandscapeRight";
				IPHONEOS_DEPLOYMENT_TARGET = 16.4;
				LD_RUNPATH_SEARCH_PATHS = (
					"$(inherited)",
					"@executable_path/Frameworks",
				);
				MARKETING_VERSION = 1.0;
				PRODUCT_BUNDLE_IDENTIFIER = tranloi.Bullseye;
				PRODUCT_NAME = "$(TARGET_NAME)";
				SWIFT_EMIT_LOC_STRINGS = YES;
				SWIFT_VERSION = 5.0;
				TARGETED_DEVICE_FAMILY = "1,2";
			};
			name = Release;
		};
		7201446F29DB533200782FDB /* Debug */ = {
			isa = XCBuildConfiguration;
			buildSettings = {
				BUNDLE_LOADER = "$(TEST_HOST)";
				CODE_SIGN_STYLE = Automatic;
				CURRENT_PROJECT_VERSION = 1;
				DEVELOPMENT_TEAM = 678S53ST7A;
				GENERATE_INFOPLIST_FILE = YES;
				IPHONEOS_DEPLOYMENT_TARGET = 16.2;
				MACOSX_DEPLOYMENT_TARGET = 13.1;
				MARKETING_VERSION = 1.0;
				PRODUCT_BUNDLE_IDENTIFIER = tranloi.BullseyeTests;
				PRODUCT_NAME = "$(TARGET_NAME)";
				SDKROOT = auto;
				SUPPORTED_PLATFORMS = "iphoneos iphonesimulator macosx";
				SWIFT_EMIT_LOC_STRINGS = NO;
				SWIFT_VERSION = 5.0;
				TARGETED_DEVICE_FAMILY = "1,2";
				TEST_HOST = "$(BUILT_PRODUCTS_DIR)/Bullseye.app/$(BUNDLE_EXECUTABLE_FOLDER_PATH)/Bullseye";
			};
			name = Debug;
		};
		7201447029DB533200782FDB /* Release */ = {
			isa = XCBuildConfiguration;
			buildSettings = {
				BUNDLE_LOADER = "$(TEST_HOST)";
				CODE_SIGN_STYLE = Automatic;
				CURRENT_PROJECT_VERSION = 1;
				DEVELOPMENT_TEAM = 678S53ST7A;
				GENERATE_INFOPLIST_FILE = YES;
				IPHONEOS_DEPLOYMENT_TARGET = 16.2;
				MACOSX_DEPLOYMENT_TARGET = 13.1;
				MARKETING_VERSION = 1.0;
				PRODUCT_BUNDLE_IDENTIFIER = tranloi.BullseyeTests;
				PRODUCT_NAME = "$(TARGET_NAME)";
				SDKROOT = auto;
				SUPPORTED_PLATFORMS = "iphoneos iphonesimulator macosx";
				SWIFT_EMIT_LOC_STRINGS = NO;
				SWIFT_VERSION = 5.0;
				TARGETED_DEVICE_FAMILY = "1,2";
				TEST_HOST = "$(BUILT_PRODUCTS_DIR)/Bullseye.app/$(BUNDLE_EXECUTABLE_FOLDER_PATH)/Bullseye";
			};
			name = Release;
		};
/* End XCBuildConfiguration section */

/* Begin XCConfigurationList section */
		7201444829DB21F900782FDB /* Build configuration list for PBXProject "Bullseye" */ = {
			isa = XCConfigurationList;
			buildConfigurations = (
				7201445929DB21FC00782FDB /* Debug */,
				7201445A29DB21FC00782FDB /* Release */,
			);
			defaultConfigurationIsVisible = 0;
			defaultConfigurationName = Release;
		};
		7201445B29DB21FC00782FDB /* Build configuration list for PBXNativeTarget "Bullseye" */ = {
			isa = XCConfigurationList;
			buildConfigurations = (
				7201445C29DB21FC00782FDB /* Debug */,
				7201445D29DB21FC00782FDB /* Release */,
			);
			defaultConfigurationIsVisible = 0;
			defaultConfigurationName = Release;
		};
		7201446E29DB533200782FDB /* Build configuration list for PBXNativeTarget "BullseyeTests" */ = {
			isa = XCConfigurationList;
			buildConfigurations = (
				7201446F29DB533200782FDB /* Debug */,
				7201447029DB533200782FDB /* Release */,
			);
			defaultConfigurationIsVisible = 0;
			defaultConfigurationName = Release;
		};
/* End XCConfigurationList section */
	};
	rootObject = 7201444529DB21F900782FDB /* Project object */;
}
